
Microsoft Visual Studio Solution File, Format Version 12.00
# Visual Studio Version 16
VisualStudioVersion = 16.0.30907.101
MinimumVisualStudioVersion = 10.0.40219.1
Project("{9A19103F-16F7-4668-BE54-9A1E7A4F7556}") = "HelloFunction", "HelloFunction\HelloFunction.csproj", "{B068EC8D-7DEF-4846-BE56-4964830B6D1E}"
EndProject
Global
	GlobalSection(SolutionConfigurationPlatforms) = preSolution
		Debug|Any CPU = Debug|Any CPU
		Release|Any CPU = Release|Any CPU
	EndGlobalSection
	GlobalSection(ProjectConfigurationPlatforms) = postSolution
		{B068EC8D-7DEF-4846-BE56-4964830B6D1E}.Debug|Any CPU.ActiveCfg = Debug|Any CPU
		{B068EC8D-7DEF-4846-BE56-4964830B6D1E}.Debug|Any CPU.Build.0 = Debug|Any CPU
		{B068EC8D-7DEF-4846-BE56-4964830B6D1E}.Release|Any CPU.ActiveCfg = Release|Any CPU
		{B068EC8D-7DEF-4846-BE56-4964830B6D1E}.Release|Any CPU.Build.0 = Release|Any CPU
	EndGlobalSection
	GlobalSection(SolutionProperties) = preSolution
		HideSolutionNode = FALSE
	EndGlobalSection
	GlobalSection(ExtensibilityGlobals) = postSolution
		SolutionGuid = {1596F090-41C7-46C3-A5DE-7A69AA108583}
	EndGlobalSection
EndGlobal
